
Microsoft Visual Studio Solution File, Format Version 12.00
# Visual Studio Version 17
VisualStudioVersion = 17.5.2.0
MinimumVisualStudioVersion = 10.0.40219.1
Project("{2150E333-8FDC-42A3-9474-1A3956D46DE8}") = "libraries", "libraries", "{F2E35B3E-9711-EDEC-6202-DB40BDEED14A}"
EndProject
Project("{2150E333-8FDC-42A3-9474-1A3956D46DE8}") = "applications", "applications", "{A10A91C2-6485-6656-963B-F6FCBC812542}"
EndProject
Project("{2150E333-8FDC-42A3-9474-1A3956D46DE8}") = "api", "api", "{54E71332-9A43-69DD-DDDE-CC502F7E29D4}"
EndProject
Project("{FAE04EC0-301F-11D3-BF4B-00C04F79EFBC}") = "Application.Api", "applications\api\Application.Api\Application.Api.csproj", "{02FC7659-252A-46D9-AE49-C95E1D2D8D2F}"
EndProject
Project("{FAE04EC0-301F-11D3-BF4B-00C04F79EFBC}") = "Application.Api.IntegrationTest", "applications\api\Application.Api.IntegrationTest\Application.Api.IntegrationTest.csproj", "{BC479843-5034-99A0-061B-6D4A2CF63D78}"
EndProject
Project("{FAE04EC0-301F-11D3-BF4B-00C04F79EFBC}") = "Application.Domain", "applications\api\Application.Domain\Application.Domain.csproj", "{13645BEA-610B-406B-AA40-224532926B2B}"
EndProject
Project("{FAE04EC0-301F-11D3-BF4B-00C04F79EFBC}") = "Application.Infrastructure", "applications\api\Application.Infrastructure\Application.Infrastructure.csproj", "{FAF59F50-A715-4EB8-B14D-0AB36AEFBDA9}"
EndProject
Project("{FAE04EC0-301F-11D3-BF4B-00C04F79EFBC}") = "Application.Core", "applications\api\Application.Core\Application.Core.csproj", "{576EF0AD-58DA-4E72-8792-7BAD8A5FA4BB}"
EndProject
Project("{2150E333-8FDC-42A3-9474-1A3956D46DE8}") = "dynamics", "dynamics", "{3B7DB3A4-8AF9-4ED8-8124-1798FF1815C1}"
EndProject
Project("{FAE04EC0-301F-11D3-BF4B-00C04F79EFBC}") = "Libraries.Dynamics.DynamicsClient", "libraries\dynamics\DynamicsClient\Libraries.Dynamics.DynamicsClient.csproj", "{47C7E850-425E-4016-81E7-8506C417FB68}"
EndProject
Project("{FAE04EC0-301F-11D3-BF4B-00C04F79EFBC}") = "Libraries.Dynamics.DynamicsClient.Test", "libraries\dynamics\DynamicsClient.Test\Libraries.Dynamics.DynamicsClient.Test.csproj", "{AD39A5F1-F9A5-4EA5-B33F-E40DF2FA3EB0}"
EndProject
Project("{FAE04EC0-301F-11D3-BF4B-00C04F79EFBC}") = "Libraries.Dynamics.DynamicsClient.Integration.Tests", "libraries\dynamics\DynamicsClient.Integration\Libraries.Dynamics.DynamicsClient.Integration.Tests.csproj", "{FFF56C3E-DF5A-4B63-9C31-3594C0DB36FD}"
EndProject
Project("{FAE04EC0-301F-11D3-BF4B-00C04F79EFBC}") = "Application.Infrastructure.UnitTest", "applications\api\Application.Infrastructure.UnitTest\Application.Infrastructure.UnitTest.csproj", "{5BAD7B2A-B6E2-4F5B-844B-DAA7FCEAB4B2}"
EndProject
Project("{FAE04EC0-301F-11D3-BF4B-00C04F79EFBC}") = "Application.Infrastructure.IntegrationTest", "applications\api\Application.Infrastructure.IntegrationTest\Application.Infrastructure.IntegrationTest.csproj", "{EEC308DE-6736-46BE-A4F0-A5B94021FA50}"
EndProject
Project("{FAE04EC0-301F-11D3-BF4B-00C04F79EFBC}") = "Application.Core.UnitTest", "applications\api\Application.Core.UnitTest\Application.Core.UnitTest.csproj", "{8A58E617-62A8-4F3C-8FCB-9227B9472698}"
EndProject
Project("{2150E333-8FDC-42A3-9474-1A3956D46DE8}") = "nba", "nba", "{923D242F-B841-4309-B7DB-6BA42184126C}"
EndProject
Project("{FAE04EC0-301F-11D3-BF4B-00C04F79EFBC}") = "Libraries.Nba.GrpcContracts", "libraries\nba\GrpcContracts\Libraries.Nba.GrpcContracts.csproj", "{AA43EF07-2C88-411B-8BE2-5FDDEC9EBF8A}"
EndProject
Project("{2150E333-8FDC-42A3-9474-1A3956D46DE8}") = "nba", "nba", "{564FCC0F-4FF9-4064-B636-D4B255A4838F}"
EndProject
Project("{FAE04EC0-301F-11D3-BF4B-00C04F79EFBC}") = "Application.Nba.Api", "applications\nba\Application.Nba.Api\Application.Nba.Api.csproj", "{56EB94A5-9580-4639-8BC6-A2DB4B51767D}"
EndProject
Project("{FAE04EC0-301F-11D3-BF4B-00C04F79EFBC}") = "Application.Nba.Api.UnitTest", "applications\nba\Application.Nba.Api.UnitTest\Application.Nba.Api.UnitTest.csproj", "{D238B598-004E-4EBB-A347-A568D4794C87}"
EndProject
Global
	GlobalSection(SolutionConfigurationPlatforms) = preSolution
		Debug|Any CPU = Debug|Any CPU
		Release|Any CPU = Release|Any CPU
	EndGlobalSection
	GlobalSection(ProjectConfigurationPlatforms) = postSolution
		{02FC7659-252A-46D9-AE49-C95E1D2D8D2F}.Debug|Any CPU.ActiveCfg = Debug|Any CPU
		{02FC7659-252A-46D9-AE49-C95E1D2D8D2F}.Debug|Any CPU.Build.0 = Debug|Any CPU
		{02FC7659-252A-46D9-AE49-C95E1D2D8D2F}.Release|Any CPU.ActiveCfg = Release|Any CPU
		{02FC7659-252A-46D9-AE49-C95E1D2D8D2F}.Release|Any CPU.Build.0 = Release|Any CPU
		{BC479843-5034-99A0-061B-6D4A2CF63D78}.Debug|Any CPU.ActiveCfg = Debug|Any CPU
		{BC479843-5034-99A0-061B-6D4A2CF63D78}.Debug|Any CPU.Build.0 = Debug|Any CPU
		{BC479843-5034-99A0-061B-6D4A2CF63D78}.Release|Any CPU.ActiveCfg = Release|Any CPU
		{BC479843-5034-99A0-061B-6D4A2CF63D78}.Release|Any CPU.Build.0 = Release|Any CPU
		{13645BEA-610B-406B-AA40-224532926B2B}.Debug|Any CPU.ActiveCfg = Debug|Any CPU
		{13645BEA-610B-406B-AA40-224532926B2B}.Debug|Any CPU.Build.0 = Debug|Any CPU
		{13645BEA-610B-406B-AA40-224532926B2B}.Release|Any CPU.ActiveCfg = Release|Any CPU
		{13645BEA-610B-406B-AA40-224532926B2B}.Release|Any CPU.Build.0 = Release|Any CPU
		{FAF59F50-A715-4EB8-B14D-0AB36AEFBDA9}.Debug|Any CPU.ActiveCfg = Debug|Any CPU
		{FAF59F50-A715-4EB8-B14D-0AB36AEFBDA9}.Debug|Any CPU.Build.0 = Debug|Any CPU
		{FAF59F50-A715-4EB8-B14D-0AB36AEFBDA9}.Release|Any CPU.ActiveCfg = Release|Any CPU
		{FAF59F50-A715-4EB8-B14D-0AB36AEFBDA9}.Release|Any CPU.Build.0 = Release|Any CPU
		{576EF0AD-58DA-4E72-8792-7BAD8A5FA4BB}.Debug|Any CPU.ActiveCfg = Debug|Any CPU
		{576EF0AD-58DA-4E72-8792-7BAD8A5FA4BB}.Debug|Any CPU.Build.0 = Debug|Any CPU
		{576EF0AD-58DA-4E72-8792-7BAD8A5FA4BB}.Release|Any CPU.ActiveCfg = Release|Any CPU
		{576EF0AD-58DA-4E72-8792-7BAD8A5FA4BB}.Release|Any CPU.Build.0 = Release|Any CPU
		{47C7E850-425E-4016-81E7-8506C417FB68}.Debug|Any CPU.ActiveCfg = Debug|Any CPU
		{47C7E850-425E-4016-81E7-8506C417FB68}.Debug|Any CPU.Build.0 = Debug|Any CPU
		{47C7E850-425E-4016-81E7-8506C417FB68}.Release|Any CPU.ActiveCfg = Release|Any CPU
		{47C7E850-425E-4016-81E7-8506C417FB68}.Release|Any CPU.Build.0 = Release|Any CPU
		{AD39A5F1-F9A5-4EA5-B33F-E40DF2FA3EB0}.Debug|Any CPU.ActiveCfg = Debug|Any CPU
		{AD39A5F1-F9A5-4EA5-B33F-E40DF2FA3EB0}.Debug|Any CPU.Build.0 = Debug|Any CPU
		{AD39A5F1-F9A5-4EA5-B33F-E40DF2FA3EB0}.Release|Any CPU.ActiveCfg = Release|Any CPU
		{AD39A5F1-F9A5-4EA5-B33F-E40DF2FA3EB0}.Release|Any CPU.Build.0 = Release|Any CPU
		{FFF56C3E-DF5A-4B63-9C31-3594C0DB36FD}.Debug|Any CPU.ActiveCfg = Debug|Any CPU
		{FFF56C3E-DF5A-4B63-9C31-3594C0DB36FD}.Debug|Any CPU.Build.0 = Debug|Any CPU
		{FFF56C3E-DF5A-4B63-9C31-3594C0DB36FD}.Release|Any CPU.ActiveCfg = Release|Any CPU
		{FFF56C3E-DF5A-4B63-9C31-3594C0DB36FD}.Release|Any CPU.Build.0 = Release|Any CPU
		{5BAD7B2A-B6E2-4F5B-844B-DAA7FCEAB4B2}.Debug|Any CPU.ActiveCfg = Debug|Any CPU
		{5BAD7B2A-B6E2-4F5B-844B-DAA7FCEAB4B2}.Debug|Any CPU.Build.0 = Debug|Any CPU
		{5BAD7B2A-B6E2-4F5B-844B-DAA7FCEAB4B2}.Release|Any CPU.ActiveCfg = Release|Any CPU
		{5BAD7B2A-B6E2-4F5B-844B-DAA7FCEAB4B2}.Release|Any CPU.Build.0 = Release|Any CPU
		{EEC308DE-6736-46BE-A4F0-A5B94021FA50}.Debug|Any CPU.ActiveCfg = Debug|Any CPU
		{EEC308DE-6736-46BE-A4F0-A5B94021FA50}.Debug|Any CPU.Build.0 = Debug|Any CPU
		{EEC308DE-6736-46BE-A4F0-A5B94021FA50}.Release|Any CPU.ActiveCfg = Release|Any CPU
		{EEC308DE-6736-46BE-A4F0-A5B94021FA50}.Release|Any CPU.Build.0 = Release|Any CPU
		{8A58E617-62A8-4F3C-8FCB-9227B9472698}.Debug|Any CPU.ActiveCfg = Debug|Any CPU
		{8A58E617-62A8-4F3C-8FCB-9227B9472698}.Debug|Any CPU.Build.0 = Debug|Any CPU
		{8A58E617-62A8-4F3C-8FCB-9227B9472698}.Release|Any CPU.ActiveCfg = Release|Any CPU
		{8A58E617-62A8-4F3C-8FCB-9227B9472698}.Release|Any CPU.Build.0 = Release|Any CPU
		{AA43EF07-2C88-411B-8BE2-5FDDEC9EBF8A}.Debug|Any CPU.ActiveCfg = Debug|Any CPU
		{AA43EF07-2C88-411B-8BE2-5FDDEC9EBF8A}.Debug|Any CPU.Build.0 = Debug|Any CPU
		{AA43EF07-2C88-411B-8BE2-5FDDEC9EBF8A}.Release|Any CPU.ActiveCfg = Release|Any CPU
		{AA43EF07-2C88-411B-8BE2-5FDDEC9EBF8A}.Release|Any CPU.Build.0 = Release|Any CPU
		{56EB94A5-9580-4639-8BC6-A2DB4B51767D}.Debug|Any CPU.ActiveCfg = Debug|Any CPU
		{56EB94A5-9580-4639-8BC6-A2DB4B51767D}.Debug|Any CPU.Build.0 = Debug|Any CPU
		{56EB94A5-9580-4639-8BC6-A2DB4B51767D}.Release|Any CPU.ActiveCfg = Release|Any CPU
		{56EB94A5-9580-4639-8BC6-A2DB4B51767D}.Release|Any CPU.Build.0 = Release|Any CPU
		{D238B598-004E-4EBB-A347-A568D4794C87}.Debug|Any CPU.ActiveCfg = Debug|Any CPU
		{D238B598-004E-4EBB-A347-A568D4794C87}.Debug|Any CPU.Build.0 = Debug|Any CPU
		{D238B598-004E-4EBB-A347-A568D4794C87}.Release|Any CPU.ActiveCfg = Release|Any CPU
		{D238B598-004E-4EBB-A347-A568D4794C87}.Release|Any CPU.Build.0 = Release|Any CPU
	EndGlobalSection
	GlobalSection(SolutionProperties) = preSolution
		HideSolutionNode = FALSE
	EndGlobalSection
	GlobalSection(NestedProjects) = preSolution
		{54E71332-9A43-69DD-DDDE-CC502F7E29D4} = {A10A91C2-6485-6656-963B-F6FCBC812542}
		{BC479843-5034-99A0-061B-6D4A2CF63D78} = {54E71332-9A43-69DD-DDDE-CC502F7E29D4}
		{3B7DB3A4-8AF9-4ED8-8124-1798FF1815C1} = {F2E35B3E-9711-EDEC-6202-DB40BDEED14A}
		{47C7E850-425E-4016-81E7-8506C417FB68} = {3B7DB3A4-8AF9-4ED8-8124-1798FF1815C1}
		{AD39A5F1-F9A5-4EA5-B33F-E40DF2FA3EB0} = {3B7DB3A4-8AF9-4ED8-8124-1798FF1815C1}
		{FFF56C3E-DF5A-4B63-9C31-3594C0DB36FD} = {3B7DB3A4-8AF9-4ED8-8124-1798FF1815C1}
		{923D242F-B841-4309-B7DB-6BA42184126C} = {F2E35B3E-9711-EDEC-6202-DB40BDEED14A}
		{AA43EF07-2C88-411B-8BE2-5FDDEC9EBF8A} = {923D242F-B841-4309-B7DB-6BA42184126C}
		{564FCC0F-4FF9-4064-B636-D4B255A4838F} = {A10A91C2-6485-6656-963B-F6FCBC812542}
		{56EB94A5-9580-4639-8BC6-A2DB4B51767D} = {564FCC0F-4FF9-4064-B636-D4B255A4838F}
		{D238B598-004E-4EBB-A347-A568D4794C87} = {564FCC0F-4FF9-4064-B636-D4B255A4838F}
	EndGlobalSection
	GlobalSection(ExtensibilityGlobals) = postSolution
		SolutionGuid = {76F5F2D5-91CB-46D8-8416-BEAE4FEB163C}
	EndGlobalSection
EndGlobal
